
Microsoft Visual Studio Solution File, Format Version 12.00
Project("{FAE04EC0-301F-11D3-BF4B-00C04F79EFBC}") = "EasyCashIdentityProject.PresentationLayer", "EasyCashIdentityProject.PresentationLayer\EasyCashIdentityProject.PresentationLayer.csproj", "{2406AB04-3BCC-4179-892A-8D65916DA59B}"
EndProject
Project("{FAE04EC0-301F-11D3-BF4B-00C04F79EFBC}") = "EasyCashIdentityProject.EntityLayer", "EasyCashIdentityProject.EntityLayer\EasyCashIdentityProject.EntityLayer.csproj", "{1C056968-D2DC-42F0-824F-2298D7C38CAE}"
EndProject
Project("{FAE04EC0-301F-11D3-BF4B-00C04F79EFBC}") = "EasyCashIdentityProject.DataAccessLayer", "EasyCashIdentityProject.DataAccessLayer\EasyCashIdentityProject.DataAccessLayer.csproj", "{85B76B29-E215-4F3D-A3B9-ED38DB5FCF60}"
EndProject
Project("{FAE04EC0-301F-11D3-BF4B-00C04F79EFBC}") = "EasyCashIdentityProject.BusinessLayer", "EasyCashIdentityProject.BusinessLayer\EasyCashIdentityProject.BusinessLayer.csproj", "{979279B7-A55C-4A07-8ADF-45224BB18AB7}"
EndProject
Project("{FAE04EC0-301F-11D3-BF4B-00C04F79EFBC}") = "EasyCashIdentityProject.DtoLayer", "EasyCashIdentityProject.DtoLayer\EasyCashIdentityProject.DtoLayer.csproj", "{BE911280-8144-4AB6-B5CB-1A77D5243C38}"
EndProject
Global
	GlobalSection(SolutionConfigurationPlatforms) = preSolution
		Debug|Any CPU = Debug|Any CPU
		Release|Any CPU = Release|Any CPU
	EndGlobalSection
	GlobalSection(ProjectConfigurationPlatforms) = postSolution
		{2406AB04-3BCC-4179-892A-8D65916DA59B}.Debug|Any CPU.ActiveCfg = Debug|Any CPU
		{2406AB04-3BCC-4179-892A-8D65916DA59B}.Debug|Any CPU.Build.0 = Debug|Any CPU
		{2406AB04-3BCC-4179-892A-8D65916DA59B}.Release|Any CPU.ActiveCfg = Release|Any CPU
		{2406AB04-3BCC-4179-892A-8D65916DA59B}.Release|Any CPU.Build.0 = Release|Any CPU
		{1C056968-D2DC-42F0-824F-2298D7C38CAE}.Debug|Any CPU.ActiveCfg = Debug|Any CPU
		{1C056968-D2DC-42F0-824F-2298D7C38CAE}.Debug|Any CPU.Build.0 = Debug|Any CPU
		{1C056968-D2DC-42F0-824F-2298D7C38CAE}.Release|Any CPU.ActiveCfg = Release|Any CPU
		{1C056968-D2DC-42F0-824F-2298D7C38CAE}.Release|Any CPU.Build.0 = Release|Any CPU
		{85B76B29-E215-4F3D-A3B9-ED38DB5FCF60}.Debug|Any CPU.ActiveCfg = Debug|Any CPU
		{85B76B29-E215-4F3D-A3B9-ED38DB5FCF60}.Debug|Any CPU.Build.0 = Debug|Any CPU
		{85B76B29-E215-4F3D-A3B9-ED38DB5FCF60}.Release|Any CPU.ActiveCfg = Release|Any CPU
		{85B76B29-E215-4F3D-A3B9-ED38DB5FCF60}.Release|Any CPU.Build.0 = Release|Any CPU
		{979279B7-A55C-4A07-8ADF-45224BB18AB7}.Debug|Any CPU.ActiveCfg = Debug|Any CPU
		{979279B7-A55C-4A07-8ADF-45224BB18AB7}.Debug|Any CPU.Build.0 = Debug|Any CPU
		{979279B7-A55C-4A07-8ADF-45224BB18AB7}.Release|Any CPU.ActiveCfg = Release|Any CPU
		{979279B7-A55C-4A07-8ADF-45224BB18AB7}.Release|Any CPU.Build.0 = Release|Any CPU
		{BE911280-8144-4AB6-B5CB-1A77D5243C38}.Debug|Any CPU.ActiveCfg = Debug|Any CPU
		{BE911280-8144-4AB6-B5CB-1A77D5243C38}.Debug|Any CPU.Build.0 = Debug|Any CPU
		{BE911280-8144-4AB6-B5CB-1A77D5243C38}.Release|Any CPU.ActiveCfg = Release|Any CPU
		{BE911280-8144-4AB6-B5CB-1A77D5243C38}.Release|Any CPU.Build.0 = Release|Any CPU
	EndGlobalSection
EndGlobal
